{
  "pins" : [
    {
      "identity" : "highlightedtexteditor",
      "kind" : "remoteSourceControl",
      "location" : "https://github.com/kyle-n/HighlightedTextEditor",
      "state" : {
        "revision" : "7069ede002afc6bde867aef7035f45ff72dc839c",
        "version" : "2.1.0"
      }
    },
    {
      "identity" : "nuke",
      "kind" : "remoteSourceControl",
      "location" : "https://github.com/kean/Nuke.git",
      "state" : {
        "revision" : "c3864b8882bc69f5edfe5c70e18786c91d228b28",
        "version" : "12.1.3"
      }
    },
    {
      "identity" : "swift-markdown-ui",
      "kind" : "remoteSourceControl",
      "location" : "https://github.com/gonzalezreal/swift-markdown-ui",
      "state" : {
        "revision" : "12b351a75201a8124c2f2e1f9fc6ef5cd812c0b9",
        "version" : "2.1.0"
      }
    }
  ],
  "version" : 2
}
